// !$*UTF8*$!
{
	archiveVersion = 1;
	classes = {
	};
	objectVersion = 51;
	objects = {

/* Begin PBXBuildFile section */
		646386B625B6C59400692B90 /* AppDelegate.m in Sources */ = {isa = PBXBuildFile; fileRef = 646386B525B6C59400692B90 /* AppDelegate.m */; };
		646386C125B6C59600692B90 /* Assets.xcassets in Resources */ = {isa = PBXBuildFile; fileRef = 646386C025B6C59600692B90 /* Assets.xcassets */; };
		646386C725B6C59600692B90 /* main.m in Sources */ = {isa = PBXBuildFile; fileRef = 646386C625B6C59600692B90 /* main.m */; };
		646386D125B6C59600692B90 /* FreedomTests.m in Sources */ = {isa = PBXBuildFile; fileRef = 646386D025B6C59600692B90 /* FreedomTests.m */; };
		646386DC25B6C59600692B90 /* FreedomUITests.m in Sources */ = {isa = PBXBuildFile; fileRef = 646386DB25B6C59600692B90 /* FreedomUITests.m */; };
		6463873525B6D7B400692B90 /* UIButton+Style.m in Sources */ = {isa = PBXBuildFile; fileRef = 6463872E25B6D7B400692B90 /* UIButton+Style.m */; };
		6463873625B6D7B400692B90 /* CTabBar.m in Sources */ = {isa = PBXBuildFile; fileRef = 6463872F25B6D7B400692B90 /* CTabBar.m */; };
		6463873725B6D7B400692B90 /* ExtraViewController.m in Sources */ = {isa = PBXBuildFile; fileRef = 6463873125B6D7B400692B90 /* ExtraViewController.m */; };
		6463873825B6D7B400692B90 /* CTabbarController.m in Sources */ = {isa = PBXBuildFile; fileRef = 6463873425B6D7B400692B90 /* CTabbarController.m */; };
		6463873F25B6D7F900692B90 /* FDBaseViewController.m in Sources */ = {isa = PBXBuildFile; fileRef = 6463873E25B6D7F900692B90 /* FDBaseViewController.m */; };
		6463874825B6D8A600692B90 /* FDPaletteViewController.m in Sources */ = {isa = PBXBuildFile; fileRef = 6463874725B6D8A600692B90 /* FDPaletteViewController.m */; };
		6463875125B6D8B600692B90 /* FDThemeViewController.m in Sources */ = {isa = PBXBuildFile; fileRef = 6463875025B6D8B600692B90 /* FDThemeViewController.m */; };
		6463875725B6D8C500692B90 /* FDMusicViewController.m in Sources */ = {isa = PBXBuildFile; fileRef = 6463875625B6D8C500692B90 /* FDMusicViewController.m */; };
		6463875D25B6D8CF00692B90 /* FDSpeedViewController.m in Sources */ = {isa = PBXBuildFile; fileRef = 6463875C25B6D8CF00692B90 /* FDSpeedViewController.m */; };
		6463877C25B6EE5900692B90 /* Reachability.m in Sources */ = {isa = PBXBuildFile; fileRef = 6463876E25B6EE5900692B90 /* Reachability.m */; };
		6463877D25B6EE5900692B90 /* hud_success@2x.png in Resources */ = {isa = PBXBuildFile; fileRef = 6463877225B6EE5900692B90 /* hud_success@2x.png */; };
		6463877E25B6EE5900692B90 /* hud_error.png in Resources */ = {isa = PBXBuildFile; fileRef = 6463877325B6EE5900692B90 /* hud_error.png */; };
		6463877F25B6EE5900692B90 /* hud_success.png in Resources */ = {isa = PBXBuildFile; fileRef = 6463877425B6EE5900692B90 /* hud_success.png */; };
		6463878025B6EE5900692B90 /* hud_info.png in Resources */ = {isa = PBXBuildFile; fileRef = 6463877525B6EE5900692B90 /* hud_info.png */; };
		6463878125B6EE5900692B90 /* hud_info@2x.png in Resources */ = {isa = PBXBuildFile; fileRef = 6463877625B6EE5900692B90 /* hud_info@2x.png */; };
		6463878225B6EE5900692B90 /* hud_error@2x.png in Resources */ = {isa = PBXBuildFile; fileRef = 6463877725B6EE5900692B90 /* hud_error@2x.png */; };
		6463878325B6EE5900692B90 /* MBProgressHUD.m in Sources */ = {isa = PBXBuildFile; fileRef = 6463877825B6EE5900692B90 /* MBProgressHUD.m */; };
		6463878425B6EE5900692B90 /* LCProgressHUD.m in Sources */ = {isa = PBXBuildFile; fileRef = 6463877B25B6EE5900692B90 /* LCProgressHUD.m */; };
		6463878A25B6EF0F00692B90 /* FDBaseNavController.m in Sources */ = {isa = PBXBuildFile; fileRef = 6463878925B6EF0F00692B90 /* FDBaseNavController.m */; };
		6468780E25B83E7D00C3DF73 /* FDSpeedTopView.m in Sources */ = {isa = PBXBuildFile; fileRef = 6468780D25B83E7D00C3DF73 /* FDSpeedTopView.m */; };
		6468781A25B8404C00C3DF73 /* UIView+SJFrame.m in Sources */ = {isa = PBXBuildFile; fileRef = 6468781225B8404C00C3DF73 /* UIView+SJFrame.m */; };
		6468781B25B8404C00C3DF73 /* UITableView+SJRegisterCellClass.m in Sources */ = {isa = PBXBuildFile; fileRef = 6468781525B8404C00C3DF73 /* UITableView+SJRegisterCellClass.m */; };
		6468781C25B8404C00C3DF73 /* UIImage+Extension.m in Sources */ = {isa = PBXBuildFile; fileRef = 6468781625B8404C00C3DF73 /* UIImage+Extension.m */; };
		6468781D25B8404C00C3DF73 /* UILabel+ChangeLineSpaceAndWordSpace.m in Sources */ = {isa = PBXBuildFile; fileRef = 6468781725B8404C00C3DF73 /* UILabel+ChangeLineSpaceAndWordSpace.m */; };
		6468782625B845C400C3DF73 /* NSObject+RadiuView.m in Sources */ = {isa = PBXBuildFile; fileRef = 6468782525B845C400C3DF73 /* NSObject+RadiuView.m */; };
		6479570925BBD02600E6DED4 /* FDSpeedShowView.m in Sources */ = {isa = PBXBuildFile; fileRef = 6479570825BBD02600E6DED4 /* FDSpeedShowView.m */; };
		B3BEA89C8D41BD6764FA3C07 /* Pods_FreedomTests.framework in Frameworks */ = {isa = PBXBuildFile; fileRef = 71F5CC6670371D39302BEA28 /* Pods_FreedomTests.framework */; };
		CE52EC46BF1F3E7B5F85A125 /* Pods_Freedom.framework in Frameworks */ = {isa = PBXBuildFile; fileRef = 49F776A692D51D3B922377EF /* Pods_Freedom.framework */; };
		E33C00F66CE1A7E85EABF591 /* Pods_Freedom_FreedomUITests.framework in Frameworks */ = {isa = PBXBuildFile; fileRef = 01CF7098D40FEA2A7B78D34E /* Pods_Freedom_FreedomUITests.framework */; };
/* End PBXBuildFile section */

/* Begin PBXContainerItemProxy section */
		646386CD25B6C59600692B90 /* PBXContainerItemProxy */ = {
			isa = PBXContainerItemProxy;
			containerPortal = 646386A925B6C59400692B90 /* Project object */;
			proxyType = 1;
			remoteGlobalIDString = 646386B025B6C59400692B90;
			remoteInfo = Freedom;
		};
		646386D825B6C59600692B90 /* PBXContainerItemProxy */ = {
			isa = PBXContainerItemProxy;
			containerPortal = 646386A925B6C59400692B90 /* Project object */;
			proxyType = 1;
			remoteGlobalIDString = 646386B025B6C59400692B90;
			remoteInfo = Freedom;
		};
/* End PBXContainerItemProxy section */

/* Begin PBXFileReference section */
		01CF7098D40FEA2A7B78D34E /* Pods_Freedom_FreedomUITests.framework */ = {isa = PBXFileReference; explicitFileType = wrapper.framework; includeInIndex = 0; path = Pods_Freedom_FreedomUITests.framework; sourceTree = BUILT_PRODUCTS_DIR; };
		3F07007AC6C6F923B4C5C528 /* Pods-FreedomTests.debug.xcconfig */ = {isa = PBXFileReference; includeInIndex = 1; lastKnownFileType = text.xcconfig; name = "Pods-FreedomTests.debug.xcconfig"; path = "Target Support Files/Pods-FreedomTests/Pods-FreedomTests.debug.xcconfig"; sourceTree = "<group>"; };
		49F776A692D51D3B922377EF /* Pods_Freedom.framework */ = {isa = PBXFileReference; explicitFileType = wrapper.framework; includeInIndex = 0; path = Pods_Freedom.framework; sourceTree = BUILT_PRODUCTS_DIR; };
		646386B125B6C59400692B90 /* Freedom.app */ = {isa = PBXFileReference; explicitFileType = wrapper.application; includeInIndex = 0; path = Freedom.app; sourceTree = BUILT_PRODUCTS_DIR; };
		646386B425B6C59400692B90 /* AppDelegate.h */ = {isa = PBXFileReference; lastKnownFileType = sourcecode.c.h; path = AppDelegate.h; sourceTree = "<group>"; };
		646386B525B6C59400692B90 /* AppDelegate.m */ = {isa = PBXFileReference; lastKnownFileType = sourcecode.c.objc; path = AppDelegate.m; sourceTree = "<group>"; };
		646386C025B6C59600692B90 /* Assets.xcassets */ = {isa = PBXFileReference; lastKnownFileType = folder.assetcatalog; path = Assets.xcassets; sourceTree = "<group>"; };
		646386C525B6C59600692B90 /* Info.plist */ = {isa = PBXFileReference; lastKnownFileType = text.plist.xml; path = Info.plist; sourceTree = "<group>"; };
		646386C625B6C59600692B90 /* main.m */ = {isa = PBXFileReference; lastKnownFileType = sourcecode.c.objc; path = main.m; sourceTree = "<group>"; };
		646386CC25B6C59600692B90 /* FreedomTests.xctest */ = {isa = PBXFileReference; explicitFileType = wrapper.cfbundle; includeInIndex = 0; path = FreedomTests.xctest; sourceTree = BUILT_PRODUCTS_DIR; };
		646386D025B6C59600692B90 /* FreedomTests.m */ = {isa = PBXFileReference; lastKnownFileType = sourcecode.c.objc; path = FreedomTests.m; sourceTree = "<group>"; };
		646386D225B6C59600692B90 /* Info.plist */ = {isa = PBXFileReference; lastKnownFileType = text.plist.xml; path = Info.plist; sourceTree = "<group>"; };
		646386D725B6C59600692B90 /* FreedomUITests.xctest */ = {isa = PBXFileReference; explicitFileType = wrapper.cfbundle; includeInIndex = 0; path = FreedomUITests.xctest; sourceTree = BUILT_PRODUCTS_DIR; };
		646386DB25B6C59600692B90 /* FreedomUITests.m */ = {isa = PBXFileReference; lastKnownFileType = sourcecode.c.objc; path = FreedomUITests.m; sourceTree = "<group>"; };
		646386DD25B6C59600692B90 /* Info.plist */ = {isa = PBXFileReference; lastKnownFileType = text.plist.xml; path = Info.plist; sourceTree = "<group>"; };
		6463871725B6D28400692B90 /* PrefixHeader.pch */ = {isa = PBXFileReference; lastKnownFileType = sourcecode.c.h; path = PrefixHeader.pch; sourceTree = "<group>"; };
		6463872D25B6D7B400692B90 /* ExtraViewController.h */ = {isa = PBXFileReference; fileEncoding = 4; lastKnownFileType = sourcecode.c.h; path = ExtraViewController.h; sourceTree = "<group>"; };
		6463872E25B6D7B400692B90 /* UIButton+Style.m */ = {isa = PBXFileReference; fileEncoding = 4; lastKnownFileType = sourcecode.c.objc; path = "UIButton+Style.m"; sourceTree = "<group>"; };
		6463872F25B6D7B400692B90 /* CTabBar.m */ = {isa = PBXFileReference; fileEncoding = 4; lastKnownFileType = sourcecode.c.objc; path = CTabBar.m; sourceTree = "<group>"; };
		6463873025B6D7B400692B90 /* CTabbarController.h */ = {isa = PBXFileReference; fileEncoding = 4; lastKnownFileType = sourcecode.c.h; path = CTabbarController.h; sourceTree = "<group>"; };
		6463873125B6D7B400692B90 /* ExtraViewController.m */ = {isa = PBXFileReference; fileEncoding = 4; lastKnownFileType = sourcecode.c.objc; path = ExtraViewController.m; sourceTree = "<group>"; };
		6463873225B6D7B400692B90 /* UIButton+Style.h */ = {isa = PBXFileReference; fileEncoding = 4; lastKnownFileType = sourcecode.c.h; path = "UIButton+Style.h"; sourceTree = "<group>"; };
		6463873325B6D7B400692B90 /* CTabBar.h */ = {isa = PBXFileReference; fileEncoding = 4; lastKnownFileType = sourcecode.c.h; path = CTabBar.h; sourceTree = "<group>"; };
		6463873425B6D7B400692B90 /* CTabbarController.m */ = {isa = PBXFileReference; fileEncoding = 4; lastKnownFileType = sourcecode.c.objc; path = CTabbarController.m; sourceTree = "<group>"; };
		6463873D25B6D7F900692B90 /* FDBaseViewController.h */ = {isa = PBXFileReference; lastKnownFileType = sourcecode.c.h; path = FDBaseViewController.h; sourceTree = "<group>"; };
		6463873E25B6D7F900692B90 /* FDBaseViewController.m */ = {isa = PBXFileReference; lastKnownFileType = sourcecode.c.objc; path = FDBaseViewController.m; sourceTree = "<group>"; };
		6463874625B6D8A600692B90 /* FDPaletteViewController.h */ = {isa = PBXFileReference; lastKnownFileType = sourcecode.c.h; path = FDPaletteViewController.h; sourceTree = "<group>"; };
		6463874725B6D8A600692B90 /* FDPaletteViewController.m */ = {isa = PBXFileReference; lastKnownFileType = sourcecode.c.objc; path = FDPaletteViewController.m; sourceTree = "<group>"; };
		6463874F25B6D8B600692B90 /* FDThemeViewController.h */ = {isa = PBXFileReference; lastKnownFileType = sourcecode.c.h; path = FDThemeViewController.h; sourceTree = "<group>"; };
		6463875025B6D8B600692B90 /* FDThemeViewController.m */ = {isa = PBXFileReference; lastKnownFileType = sourcecode.c.objc; path = FDThemeViewController.m; sourceTree = "<group>"; };
		6463875525B6D8C500692B90 /* FDMusicViewController.h */ = {isa = PBXFileReference; lastKnownFileType = sourcecode.c.h; path = FDMusicViewController.h; sourceTree = "<group>"; };
		6463875625B6D8C500692B90 /* FDMusicViewController.m */ = {isa = PBXFileReference; lastKnownFileType = sourcecode.c.objc; path = FDMusicViewController.m; sourceTree = "<group>"; };
		6463875B25B6D8CF00692B90 /* FDSpeedViewController.h */ = {isa = PBXFileReference; lastKnownFileType = sourcecode.c.h; path = FDSpeedViewController.h; sourceTree = "<group>"; };
		6463875C25B6D8CF00692B90 /* FDSpeedViewController.m */ = {isa = PBXFileReference; lastKnownFileType = sourcecode.c.objc; path = FDSpeedViewController.m; sourceTree = "<group>"; };
		6463876525B6E95800692B90 /* Macros.h */ = {isa = PBXFileReference; lastKnownFileType = sourcecode.c.h; path = Macros.h; sourceTree = "<group>"; };
		6463876625B6E97600692B90 /* URLStatic.h */ = {isa = PBXFileReference; lastKnownFileType = sourcecode.c.h; path = URLStatic.h; sourceTree = "<group>"; };
		6463876E25B6EE5900692B90 /* Reachability.m */ = {isa = PBXFileReference; fileEncoding = 4; lastKnownFileType = sourcecode.c.objc; path = Reachability.m; sourceTree = "<group>"; };
		6463876F25B6EE5900692B90 /* Reachability.h */ = {isa = PBXFileReference; fileEncoding = 4; lastKnownFileType = sourcecode.c.h; path = Reachability.h; sourceTree = "<group>"; };
		6463877225B6EE5900692B90 /* hud_success@2x.png */ = {isa = PBXFileReference; lastKnownFileType = image.png; path = "hud_success@2x.png"; sourceTree = "<group>"; };
		6463877325B6EE5900692B90 /* hud_error.png */ = {isa = PBXFileReference; lastKnownFileType = image.png; path = hud_error.png; sourceTree = "<group>"; };
		6463877425B6EE5900692B90 /* hud_success.png */ = {isa = PBXFileReference; lastKnownFileType = image.png; path = hud_success.png; sourceTree = "<group>"; };
		6463877525B6EE5900692B90 /* hud_info.png */ = {isa = PBXFileReference; lastKnownFileType = image.png; path = hud_info.png; sourceTree = "<group>"; };
		6463877625B6EE5900692B90 /* hud_info@2x.png */ = {isa = PBXFileReference; lastKnownFileType = image.png; path = "hud_info@2x.png"; sourceTree = "<group>"; };
		6463877725B6EE5900692B90 /* hud_error@2x.png */ = {isa = PBXFileReference; lastKnownFileType = image.png; path = "hud_error@2x.png"; sourceTree = "<group>"; };
		6463877825B6EE5900692B90 /* MBProgressHUD.m */ = {isa = PBXFileReference; fileEncoding = 4; lastKnownFileType = sourcecode.c.objc; path = MBProgressHUD.m; sourceTree = "<group>"; };
		6463877925B6EE5900692B90 /* LCProgressHUD.h */ = {isa = PBXFileReference; fileEncoding = 4; lastKnownFileType = sourcecode.c.h; path = LCProgressHUD.h; sourceTree = "<group>"; };
		6463877A25B6EE5900692B90 /* MBProgressHUD.h */ = {isa = PBXFileReference; fileEncoding = 4; lastKnownFileType = sourcecode.c.h; path = MBProgressHUD.h; sourceTree = "<group>"; };
		6463877B25B6EE5900692B90 /* LCProgressHUD.m */ = {isa = PBXFileReference; fileEncoding = 4; lastKnownFileType = sourcecode.c.objc; path = LCProgressHUD.m; sourceTree = "<group>"; };
		6463878825B6EF0F00692B90 /* FDBaseNavController.h */ = {isa = PBXFileReference; lastKnownFileType = sourcecode.c.h; path = FDBaseNavController.h; sourceTree = "<group>"; };
		6463878925B6EF0F00692B90 /* FDBaseNavController.m */ = {isa = PBXFileReference; lastKnownFileType = sourcecode.c.objc; path = FDBaseNavController.m; sourceTree = "<group>"; };
		6468780C25B83E7D00C3DF73 /* FDSpeedTopView.h */ = {isa = PBXFileReference; lastKnownFileType = sourcecode.c.h; path = FDSpeedTopView.h; sourceTree = "<group>"; };
		6468780D25B83E7D00C3DF73 /* FDSpeedTopView.m */ = {isa = PBXFileReference; lastKnownFileType = sourcecode.c.objc; path = FDSpeedTopView.m; sourceTree = "<group>"; };
		6468781225B8404C00C3DF73 /* UIView+SJFrame.m */ = {isa = PBXFileReference; fileEncoding = 4; lastKnownFileType = sourcecode.c.objc; path = "UIView+SJFrame.m"; sourceTree = "<group>"; };
		6468781325B8404C00C3DF73 /* UIView+SJFrame.h */ = {isa = PBXFileReference; fileEncoding = 4; lastKnownFileType = sourcecode.c.h; path = "UIView+SJFrame.h"; sourceTree = "<group>"; };
		6468781425B8404C00C3DF73 /* UILabel+ChangeLineSpaceAndWordSpace.h */ = {isa = PBXFileReference; fileEncoding = 4; lastKnownFileType = sourcecode.c.h; path = "UILabel+ChangeLineSpaceAndWordSpace.h"; sourceTree = "<group>"; };
		6468781525B8404C00C3DF73 /* UITableView+SJRegisterCellClass.m */ = {isa = PBXFileReference; fileEncoding = 4; lastKnownFileType = sourcecode.c.objc; path = "UITableView+SJRegisterCellClass.m"; sourceTree = "<group>"; };
		6468781625B8404C00C3DF73 /* UIImage+Extension.m */ = {isa = PBXFileReference; fileEncoding = 4; lastKnownFileType = sourcecode.c.objc; path = "UIImage+Extension.m"; sourceTree = "<group>"; };
		6468781725B8404C00C3DF73 /* UILabel+ChangeLineSpaceAndWordSpace.m */ = {isa = PBXFileReference; fileEncoding = 4; lastKnownFileType = sourcecode.c.objc; path = "UILabel+ChangeLineSpaceAndWordSpace.m"; sourceTree = "<group>"; };
		6468781825B8404C00C3DF73 /* UIImage+Extension.h */ = {isa = PBXFileReference; fileEncoding = 4; lastKnownFileType = sourcecode.c.h; path = "UIImage+Extension.h"; sourceTree = "<group>"; };
		6468781925B8404C00C3DF73 /* UITableView+SJRegisterCellClass.h */ = {isa = PBXFileReference; fileEncoding = 4; lastKnownFileType = sourcecode.c.h; path = "UITableView+SJRegisterCellClass.h"; sourceTree = "<group>"; };
		6468782425B845C400C3DF73 /* NSObject+RadiuView.h */ = {isa = PBXFileReference; lastKnownFileType = sourcecode.c.h; path = "NSObject+RadiuView.h"; sourceTree = "<group>"; };
		6468782525B845C400C3DF73 /* NSObject+RadiuView.m */ = {isa = PBXFileReference; lastKnownFileType = sourcecode.c.objc; path = "NSObject+RadiuView.m"; sourceTree = "<group>"; };
		6479570725BBD02600E6DED4 /* FDSpeedShowView.h */ = {isa = PBXFileReference; lastKnownFileType = sourcecode.c.h; path = FDSpeedShowView.h; sourceTree = "<group>"; };
		6479570825BBD02600E6DED4 /* FDSpeedShowView.m */ = {isa = PBXFileReference; lastKnownFileType = sourcecode.c.objc; path = FDSpeedShowView.m; sourceTree = "<group>"; };
		71F5CC6670371D39302BEA28 /* Pods_FreedomTests.framework */ = {isa = PBXFileReference; explicitFileType = wrapper.framework; includeInIndex = 0; path = Pods_FreedomTests.framework; sourceTree = BUILT_PRODUCTS_DIR; };
		82CE148FB011913BDE510AF0 /* Pods-Freedom-FreedomUITests.debug.xcconfig */ = {isa = PBXFileReference; includeInIndex = 1; lastKnownFileType = text.xcconfig; name = "Pods-Freedom-FreedomUITests.debug.xcconfig"; path = "Target Support Files/Pods-Freedom-FreedomUITests/Pods-Freedom-FreedomUITests.debug.xcconfig"; sourceTree = "<group>"; };
		8C283AC7E71F773B1A03E165 /* Pods-Freedom.debug.xcconfig */ = {isa = PBXFileReference; includeInIndex = 1; lastKnownFileType = text.xcconfig; name = "Pods-Freedom.debug.xcconfig"; path = "Target Support Files/Pods-Freedom/Pods-Freedom.debug.xcconfig"; sourceTree = "<group>"; };
		9D95C712C58DEF2E9829ED73 /* Pods-Freedom-FreedomUITests.release.xcconfig */ = {isa = PBXFileReference; includeInIndex = 1; lastKnownFileType = text.xcconfig; name = "Pods-Freedom-FreedomUITests.release.xcconfig"; path = "Target Support Files/Pods-Freedom-FreedomUITests/Pods-Freedom-FreedomUITests.release.xcconfig"; sourceTree = "<group>"; };
		A8AB0733B46BE29643D2080D /* Pods-Freedom.release.xcconfig */ = {isa = PBXFileReference; includeInIndex = 1; lastKnownFileType = text.xcconfig; name = "Pods-Freedom.release.xcconfig"; path = "Target Support Files/Pods-Freedom/Pods-Freedom.release.xcconfig"; sourceTree = "<group>"; };
		DCA8D2C0C3E9165AD07B32E5 /* Pods-FreedomTests.release.xcconfig */ = {isa = PBXFileReference; includeInIndex = 1; lastKnownFileType = text.xcconfig; name = "Pods-FreedomTests.release.xcconfig"; path = "Target Support Files/Pods-FreedomTests/Pods-FreedomTests.release.xcconfig"; sourceTree = "<group>"; };
/* End PBXFileReference section */

/* Begin PBXFrameworksBuildPhase section */
		646386AE25B6C59400692B90 /* Frameworks */ = {
			isa = PBXFrameworksBuildPhase;
			buildActionMask = 2147483647;
			files = (
				CE52EC46BF1F3E7B5F85A125 /* Pods_Freedom.framework in Frameworks */,
			);
			runOnlyForDeploymentPostprocessing = 0;
		};
		646386C925B6C59600692B90 /* Frameworks */ = {
			isa = PBXFrameworksBuildPhase;
			buildActionMask = 2147483647;
			files = (
				B3BEA89C8D41BD6764FA3C07 /* Pods_FreedomTests.framework in Frameworks */,
			);
			runOnlyForDeploymentPostprocessing = 0;
		};
		646386D425B6C59600692B90 /* Frameworks */ = {
			isa = PBXFrameworksBuildPhase;
			buildActionMask = 2147483647;
			files = (
				E33C00F66CE1A7E85EABF591 /* Pods_Freedom_FreedomUITests.framework in Frameworks */,
			);
			runOnlyForDeploymentPostprocessing = 0;
		};
/* End PBXFrameworksBuildPhase section */

/* Begin PBXGroup section */
		23AA53E424EA368E9AC5062D /* Pods */ = {
			isa = PBXGroup;
			children = (
				8C283AC7E71F773B1A03E165 /* Pods-Freedom.debug.xcconfig */,
				A8AB0733B46BE29643D2080D /* Pods-Freedom.release.xcconfig */,
				82CE148FB011913BDE510AF0 /* Pods-Freedom-FreedomUITests.debug.xcconfig */,
				9D95C712C58DEF2E9829ED73 /* Pods-Freedom-FreedomUITests.release.xcconfig */,
				3F07007AC6C6F923B4C5C528 /* Pods-FreedomTests.debug.xcconfig */,
				DCA8D2C0C3E9165AD07B32E5 /* Pods-FreedomTests.release.xcconfig */,
			);
			path = Pods;
			sourceTree = "<group>";
		};
		646386A825B6C59400692B90 = {
			isa = PBXGroup;
			children = (
				646386B325B6C59400692B90 /* Freedom */,
				646386CF25B6C59600692B90 /* FreedomTests */,
				646386DA25B6C59600692B90 /* FreedomUITests */,
				646386B225B6C59400692B90 /* Products */,
				23AA53E424EA368E9AC5062D /* Pods */,
				E5BE77CEF5B04928813092A0 /* Frameworks */,
			);
			sourceTree = "<group>";
		};
		646386B225B6C59400692B90 /* Products */ = {
			isa = PBXGroup;
			children = (
				646386B125B6C59400692B90 /* Freedom.app */,
				646386CC25B6C59600692B90 /* FreedomTests.xctest */,
				646386D725B6C59600692B90 /* FreedomUITests.xctest */,
			);
			name = Products;
			sourceTree = "<group>";
		};
		646386B325B6C59400692B90 /* Freedom */ = {
			isa = PBXGroup;
			children = (
				6463871625B6D23500692B90 /* AppDelegate */,
				6463873C25B6D7D000692B90 /* RootVc */,
				6463872925B6D74900692B90 /* Utilities */,
				6463870625B6D22800692B90 /* Palette */,
				6463871225B6D22800692B90 /* Theme */,
				6463870A25B6D22800692B90 /* Music */,
				6463870E25B6D22800692B90 /* Speed */,
				6463870525B6D22800692B90 /* Supporting Files */,
			);
			path = Freedom;
			sourceTree = "<group>";
		};
		646386CF25B6C59600692B90 /* FreedomTests */ = {
			isa = PBXGroup;
			children = (
				646386D025B6C59600692B90 /* FreedomTests.m */,
				646386D225B6C59600692B90 /* Info.plist */,
			);
			path = FreedomTests;
			sourceTree = "<group>";
		};
		646386DA25B6C59600692B90 /* FreedomUITests */ = {
			isa = PBXGroup;
			children = (
				646386DB25B6C59600692B90 /* FreedomUITests.m */,
				646386DD25B6C59600692B90 /* Info.plist */,
			);
			path = FreedomUITests;
			sourceTree = "<group>";
		};
		6463870525B6D22800692B90 /* Supporting Files */ = {
			isa = PBXGroup;
			children = (
				646386C025B6C59600692B90 /* Assets.xcassets */,
				646386C525B6C59600692B90 /* Info.plist */,
				646386C625B6C59600692B90 /* main.m */,
				6463871725B6D28400692B90 /* PrefixHeader.pch */,
			);
			path = "Supporting Files";
			sourceTree = "<group>";
		};
		6463870625B6D22800692B90 /* Palette */ = {
			isa = PBXGroup;
			children = (
				6463870725B6D22800692B90 /* Controller */,
				6463870825B6D22800692B90 /* Model */,
				6463870925B6D22800692B90 /* View */,
			);
			path = Palette;
			sourceTree = "<group>";
		};
		6463870725B6D22800692B90 /* Controller */ = {
			isa = PBXGroup;
			children = (
				6463874625B6D8A600692B90 /* FDPaletteViewController.h */,
				6463874725B6D8A600692B90 /* FDPaletteViewController.m */,
			);
			path = Controller;
			sourceTree = "<group>";
		};
		6463870825B6D22800692B90 /* Model */ = {
			isa = PBXGroup;
			children = (
			);
			path = Model;
			sourceTree = "<group>";
		};
		6463870925B6D22800692B90 /* View */ = {
			isa = PBXGroup;
			children = (
			);
			path = View;
			sourceTree = "<group>";
		};
		6463870A25B6D22800692B90 /* Music */ = {
			isa = PBXGroup;
			children = (
				6463870B25B6D22800692B90 /* Controller */,
				6463870C25B6D22800692B90 /* Model */,
				6463870D25B6D22800692B90 /* View */,
			);
			path = Music;
			sourceTree = "<group>";
		};
		6463870B25B6D22800692B90 /* Controller */ = {
			isa = PBXGroup;
			children = (
				6463875525B6D8C500692B90 /* FDMusicViewController.h */,
				6463875625B6D8C500692B90 /* FDMusicViewController.m */,
			);
			path = Controller;
			sourceTree = "<group>";
		};
		6463870C25B6D22800692B90 /* Model */ = {
			isa = PBXGroup;
			children = (
			);
			path = Model;
			sourceTree = "<group>";
		};
		6463870D25B6D22800692B90 /* View */ = {
			isa = PBXGroup;
			children = (
			);
			path = View;
			sourceTree = "<group>";
		};
		6463870E25B6D22800692B90 /* Speed */ = {
			isa = PBXGroup;
			children = (
				6463870F25B6D22800692B90 /* Controller */,
				6463871025B6D22800692B90 /* Model */,
				6463871125B6D22800692B90 /* View */,
			);
			path = Speed;
			sourceTree = "<group>";
		};
		6463870F25B6D22800692B90 /* Controller */ = {
			isa = PBXGroup;
			children = (
				6463875B25B6D8CF00692B90 /* FDSpeedViewController.h */,
				6463875C25B6D8CF00692B90 /* FDSpeedViewController.m */,
			);
			path = Controller;
			sourceTree = "<group>";
		};
		6463871025B6D22800692B90 /* Model */ = {
			isa = PBXGroup;
			children = (
			);
			path = Model;
			sourceTree = "<group>";
		};
		6463871125B6D22800692B90 /* View */ = {
			isa = PBXGroup;
			children = (
				6468780C25B83E7D00C3DF73 /* FDSpeedTopView.h */,
				6468780D25B83E7D00C3DF73 /* FDSpeedTopView.m */,
				6479570725BBD02600E6DED4 /* FDSpeedShowView.h */,
				6479570825BBD02600E6DED4 /* FDSpeedShowView.m */,
			);
			path = View;
			sourceTree = "<group>";
		};
		6463871225B6D22800692B90 /* Theme */ = {
			isa = PBXGroup;
			children = (
				6463871325B6D22800692B90 /* Controller */,
				6463871425B6D22800692B90 /* Model */,
				6463871525B6D22800692B90 /* View */,
			);
			path = Theme;
			sourceTree = "<group>";
		};
		6463871325B6D22800692B90 /* Controller */ = {
			isa = PBXGroup;
			children = (
				6463874F25B6D8B600692B90 /* FDThemeViewController.h */,
				6463875025B6D8B600692B90 /* FDThemeViewController.m */,
			);
			path = Controller;
			sourceTree = "<group>";
		};
		6463871425B6D22800692B90 /* Model */ = {
			isa = PBXGroup;
			children = (
			);
			path = Model;
			sourceTree = "<group>";
		};
		6463871525B6D22800692B90 /* View */ = {
			isa = PBXGroup;
			children = (
			);
			path = View;
			sourceTree = "<group>";
		};
		6463871625B6D23500692B90 /* AppDelegate */ = {
			isa = PBXGroup;
			children = (
				646386B425B6C59400692B90 /* AppDelegate.h */,
				646386B525B6C59400692B90 /* AppDelegate.m */,
			);
			path = AppDelegate;
			sourceTree = "<group>";
		};
		6463872925B6D74900692B90 /* Utilities */ = {
			isa = PBXGroup;
			children = (
				6463877025B6EE5900692B90 /* LCProgressHUD */,
				6463876D25B6EE5900692B90 /* Reachability */,
				6463876425B6E93C00692B90 /* Static */,
				6463872C25B6D77F00692B90 /* CTabbarController */,
				6463872B25B6D77300692B90 /* Foundation+Category */,
				6463872A25B6D76C00692B90 /* UIKit+Category */,
			);
			path = Utilities;
			sourceTree = "<group>";
		};
		6463872A25B6D76C00692B90 /* UIKit+Category */ = {
			isa = PBXGroup;
			children = (
				6468781825B8404C00C3DF73 /* UIImage+Extension.h */,
				6468781625B8404C00C3DF73 /* UIImage+Extension.m */,
				6468781425B8404C00C3DF73 /* UILabel+ChangeLineSpaceAndWordSpace.h */,
				6468781725B8404C00C3DF73 /* UILabel+ChangeLineSpaceAndWordSpace.m */,
				6468781925B8404C00C3DF73 /* UITableView+SJRegisterCellClass.h */,
				6468781525B8404C00C3DF73 /* UITableView+SJRegisterCellClass.m */,
				6468781325B8404C00C3DF73 /* UIView+SJFrame.h */,
				6468781225B8404C00C3DF73 /* UIView+SJFrame.m */,
			);
			path = "UIKit+Category";
			sourceTree = "<group>";
		};
		6463872B25B6D77300692B90 /* Foundation+Category */ = {
			isa = PBXGroup;
			children = (
				6468782425B845C400C3DF73 /* NSObject+RadiuView.h */,
				6468782525B845C400C3DF73 /* NSObject+RadiuView.m */,
			);
			path = "Foundation+Category";
			sourceTree = "<group>";
		};
		6463872C25B6D77F00692B90 /* CTabbarController */ = {
			isa = PBXGroup;
			children = (
				6463873325B6D7B400692B90 /* CTabBar.h */,
				6463872F25B6D7B400692B90 /* CTabBar.m */,
				6463873025B6D7B400692B90 /* CTabbarController.h */,
				6463873425B6D7B400692B90 /* CTabbarController.m */,
				6463872D25B6D7B400692B90 /* ExtraViewController.h */,
				6463873125B6D7B400692B90 /* ExtraViewController.m */,
				6463873225B6D7B400692B90 /* UIButton+Style.h */,
				6463872E25B6D7B400692B90 /* UIButton+Style.m */,
			);
			path = CTabbarController;
			sourceTree = "<group>";
		};
		6463873C25B6D7D000692B90 /* RootVc */ = {
			isa = PBXGroup;
			children = (
				6463873D25B6D7F900692B90 /* FDBaseViewController.h */,
				6463873E25B6D7F900692B90 /* FDBaseViewController.m */,
				6463878825B6EF0F00692B90 /* FDBaseNavController.h */,
				6463878925B6EF0F00692B90 /* FDBaseNavController.m */,
			);
			path = RootVc;
			sourceTree = "<group>";
		};
		6463876425B6E93C00692B90 /* Static */ = {
			isa = PBXGroup;
			children = (
				6463876525B6E95800692B90 /* Macros.h */,
				6463876625B6E97600692B90 /* URLStatic.h */,
			);
			path = Static;
			sourceTree = "<group>";
		};
		6463876D25B6EE5900692B90 /* Reachability */ = {
			isa = PBXGroup;
			children = (
				6463876E25B6EE5900692B90 /* Reachability.m */,
				6463876F25B6EE5900692B90 /* Reachability.h */,
			);
			path = Reachability;
			sourceTree = "<group>";
		};
		6463877025B6EE5900692B90 /* LCProgressHUD */ = {
			isa = PBXGroup;
			children = (
				6463877125B6EE5900692B90 /* HUDImage */,
				6463877825B6EE5900692B90 /* MBProgressHUD.m */,
				6463877925B6EE5900692B90 /* LCProgressHUD.h */,
				6463877A25B6EE5900692B90 /* MBProgressHUD.h */,
				6463877B25B6EE5900692B90 /* LCProgressHUD.m */,
			);
			path = LCProgressHUD;
			sourceTree = "<group>";
		};
		6463877125B6EE5900692B90 /* HUDImage */ = {
			isa = PBXGroup;
			children = (
				6463877225B6EE5900692B90 /* hud_success@2x.png */,
				6463877325B6EE5900692B90 /* hud_error.png */,
				6463877425B6EE5900692B90 /* hud_success.png */,
				6463877525B6EE5900692B90 /* hud_info.png */,
				6463877625B6EE5900692B90 /* hud_info@2x.png */,
				6463877725B6EE5900692B90 /* hud_error@2x.png */,
			);
			path = HUDImage;
			sourceTree = "<group>";
		};
		E5BE77CEF5B04928813092A0 /* Frameworks */ = {
			isa = PBXGroup;
			children = (
				49F776A692D51D3B922377EF /* Pods_Freedom.framework */,
				01CF7098D40FEA2A7B78D34E /* Pods_Freedom_FreedomUITests.framework */,
				71F5CC6670371D39302BEA28 /* Pods_FreedomTests.framework */,
			);
			name = Frameworks;
			sourceTree = "<group>";
		};
/* End PBXGroup section */

/* Begin PBXNativeTarget section */
		646386B025B6C59400692B90 /* Freedom */ = {
			isa = PBXNativeTarget;
			buildConfigurationList = 646386E025B6C59600692B90 /* Build configuration list for PBXNativeTarget "Freedom" */;
			buildPhases = (
				09C9C76879F92866C091C99F /* [CP] Check Pods Manifest.lock */,
				646386AD25B6C59400692B90 /* Sources */,
				646386AE25B6C59400692B90 /* Frameworks */,
				646386AF25B6C59400692B90 /* Resources */,
				58E579742F5C8A540B92F595 /* [CP] Embed Pods Frameworks */,
			);
			buildRules = (
			);
			dependencies = (
			);
			name = Freedom;
			productName = Freedom;
			productReference = 646386B125B6C59400692B90 /* Freedom.app */;
			productType = "com.apple.product-type.application";
		};
		646386CB25B6C59600692B90 /* FreedomTests */ = {
			isa = PBXNativeTarget;
			buildConfigurationList = 646386E325B6C59600692B90 /* Build configuration list for PBXNativeTarget "FreedomTests" */;
			buildPhases = (
				D5A76D52E39C215D9CF234F1 /* [CP] Check Pods Manifest.lock */,
				646386C825B6C59600692B90 /* Sources */,
				646386C925B6C59600692B90 /* Frameworks */,
				646386CA25B6C59600692B90 /* Resources */,
			);
			buildRules = (
			);
			dependencies = (
				646386CE25B6C59600692B90 /* PBXTargetDependency */,
			);
			name = FreedomTests;
			productName = FreedomTests;
			productReference = 646386CC25B6C59600692B90 /* FreedomTests.xctest */;
			productType = "com.apple.product-type.bundle.unit-test";
		};
		646386D625B6C59600692B90 /* FreedomUITests */ = {
			isa = PBXNativeTarget;
			buildConfigurationList = 646386E625B6C59600692B90 /* Build configuration list for PBXNativeTarget "FreedomUITests" */;
			buildPhases = (
				64B135AAF4F63982D63C25DF /* [CP] Check Pods Manifest.lock */,
				646386D325B6C59600692B90 /* Sources */,
				646386D425B6C59600692B90 /* Frameworks */,
				646386D525B6C59600692B90 /* Resources */,
				D9726E4D6F2877D31AF4752B /* [CP] Embed Pods Frameworks */,
			);
			buildRules = (
			);
			dependencies = (
				646386D925B6C59600692B90 /* PBXTargetDependency */,
			);
			name = FreedomUITests;
			productName = FreedomUITests;
			productReference = 646386D725B6C59600692B90 /* FreedomUITests.xctest */;
			productType = "com.apple.product-type.bundle.ui-testing";
		};
/* End PBXNativeTarget section */

/* Begin PBXProject section */
		646386A925B6C59400692B90 /* Project object */ = {
			isa = PBXProject;
			attributes = {
				CLASSPREFIX = FD;
				LastUpgradeCheck = 1220;
				TargetAttributes = {
					646386B025B6C59400692B90 = {
						CreatedOnToolsVersion = 12.2;
					};
					646386CB25B6C59600692B90 = {
						CreatedOnToolsVersion = 12.2;
						TestTargetID = 646386B025B6C59400692B90;
					};
					646386D625B6C59600692B90 = {
						CreatedOnToolsVersion = 12.2;
						TestTargetID = 646386B025B6C59400692B90;
					};
				};
			};
			buildConfigurationList = 646386AC25B6C59400692B90 /* Build configuration list for PBXProject "Freedom" */;
			compatibilityVersion = "Xcode 9.3";
			developmentRegion = en;
			hasScannedForEncodings = 0;
			knownRegions = (
				en,
				Base,
			);
			mainGroup = 646386A825B6C59400692B90;
			productRefGroup = 646386B225B6C59400692B90 /* Products */;
			projectDirPath = "";
			projectRoot = "";
			targets = (
				646386B025B6C59400692B90 /* Freedom */,
				646386CB25B6C59600692B90 /* FreedomTests */,
				646386D625B6C59600692B90 /* FreedomUITests */,
			);
		};
/* End PBXProject section */

/* Begin PBXResourcesBuildPhase section */
		646386AF25B6C59400692B90 /* Resources */ = {
			isa = PBXResourcesBuildPhase;
			buildActionMask = 2147483647;
			files = (
				6463878225B6EE5900692B90 /* hud_error@2x.png in Resources */,
				6463878125B6EE5900692B90 /* hud_info@2x.png in Resources */,
				6463877E25B6EE5900692B90 /* hud_error.png in Resources */,
				6463878025B6EE5900692B90 /* hud_info.png in Resources */,
				6463877D25B6EE5900692B90 /* hud_success@2x.png in Resources */,
				646386C125B6C59600692B90 /* Assets.xcassets in Resources */,
				6463877F25B6EE5900692B90 /* hud_success.png in Resources */,
			);
			runOnlyForDeploymentPostprocessing = 0;
		};
		646386CA25B6C59600692B90 /* Resources */ = {
			isa = PBXResourcesBuildPhase;
			buildActionMask = 2147483647;
			files = (
			);
			runOnlyForDeploymentPostprocessing = 0;
		};
		646386D525B6C59600692B90 /* Resources */ = {
			isa = PBXResourcesBuildPhase;
			buildActionMask = 2147483647;
			files = (
			);
			runOnlyForDeploymentPostprocessing = 0;
		};
/* End PBXResourcesBuildPhase section */

/* Begin PBXShellScriptBuildPhase section */
		09C9C76879F92866C091C99F /* [CP] Check Pods Manifest.lock */ = {
			isa = PBXShellScriptBuildPhase;
			buildActionMask = 2147483647;
			files = (
			);
			inputFileListPaths = (
			);
			inputPaths = (
				"${PODS_PODFILE_DIR_PATH}/Podfile.lock",
				"${PODS_ROOT}/Manifest.lock",
			);
			name = "[CP] Check Pods Manifest.lock";
			outputFileListPaths = (
			);
			outputPaths = (
				"$(DERIVED_FILE_DIR)/Pods-Freedom-checkManifestLockResult.txt",
			);
			runOnlyForDeploymentPostprocessing = 0;
			shellPath = /bin/sh;
			shellScript = "diff \"${PODS_PODFILE_DIR_PATH}/Podfile.lock\" \"${PODS_ROOT}/Manifest.lock\" > /dev/null\nif [ $? != 0 ] ; then\n    # print error to STDERR\n    echo \"error: The sandbox is not in sync with the Podfile.lock. Run 'pod install' or update your CocoaPods installation.\" >&2\n    exit 1\nfi\n# This output is used by Xcode 'outputs' to avoid re-running this script phase.\necho \"SUCCESS\" > \"${SCRIPT_OUTPUT_FILE_0}\"\n";
			showEnvVarsInLog = 0;
		};
		58E579742F5C8A540B92F595 /* [CP] Embed Pods Frameworks */ = {
			isa = PBXShellScriptBuildPhase;
			buildActionMask = 2147483647;
			files = (
			);
			inputFileListPaths = (
				"${PODS_ROOT}/Target Support Files/Pods-Freedom/Pods-Freedom-frameworks-${CONFIGURATION}-input-files.xcfilelist",
			);
			name = "[CP] Embed Pods Frameworks";
			outputFileListPaths = (
				"${PODS_ROOT}/Target Support Files/Pods-Freedom/Pods-Freedom-frameworks-${CONFIGURATION}-output-files.xcfilelist",
			);
			runOnlyForDeploymentPostprocessing = 0;
			shellPath = /bin/sh;
			shellScript = "\"${PODS_ROOT}/Target Support Files/Pods-Freedom/Pods-Freedom-frameworks.sh\"\n";
			showEnvVarsInLog = 0;
		};
		64B135AAF4F63982D63C25DF /* [CP] Check Pods Manifest.lock */ = {
			isa = PBXShellScriptBuildPhase;
			buildActionMask = 2147483647;
			files = (
			);
			inputFileListPaths = (
			);
			inputPaths = (
				"${PODS_PODFILE_DIR_PATH}/Podfile.lock",
				"${PODS_ROOT}/Manifest.lock",
			);
			name = "[CP] Check Pods Manifest.lock";
			outputFileListPaths = (
			);
			outputPaths = (
				"$(DERIVED_FILE_DIR)/Pods-Freedom-FreedomUITests-checkManifestLockResult.txt",
			);
			runOnlyForDeploymentPostprocessing = 0;
			shellPath = /bin/sh;
			shellScript = "diff \"${PODS_PODFILE_DIR_PATH}/Podfile.lock\" \"${PODS_ROOT}/Manifest.lock\" > /dev/null\nif [ $? != 0 ] ; then\n    # print error to STDERR\n    echo \"error: The sandbox is not in sync with the Podfile.lock. Run 'pod install' or update your CocoaPods installation.\" >&2\n    exit 1\nfi\n# This output is used by Xcode 'outputs' to avoid re-running this script phase.\necho \"SUCCESS\" > \"${SCRIPT_OUTPUT_FILE_0}\"\n";
			showEnvVarsInLog = 0;
		};
		D5A76D52E39C215D9CF234F1 /* [CP] Check Pods Manifest.lock */ = {
			isa = PBXShellScriptBuildPhase;
			buildActionMask = 2147483647;
			files = (
			);
			inputFileListPaths = (
			);
			inputPaths = (
				"${PODS_PODFILE_DIR_PATH}/Podfile.lock",
				"${PODS_ROOT}/Manifest.lock",
			);
			name = "[CP] Check Pods Manifest.lock";
			outputFileListPaths = (
			);
			outputPaths = (
				"$(DERIVED_FILE_DIR)/Pods-FreedomTests-checkManifestLockResult.txt",
			);
			runOnlyForDeploymentPostprocessing = 0;
			shellPath = /bin/sh;
			shellScript = "diff \"${PODS_PODFILE_DIR_PATH}/Podfile.lock\" \"${PODS_ROOT}/Manifest.lock\" > /dev/null\nif [ $? != 0 ] ; then\n    # print error to STDERR\n    echo \"error: The sandbox is not in sync with the Podfile.lock. Run 'pod install' or update your CocoaPods installation.\" >&2\n    exit 1\nfi\n# This output is used by Xcode 'outputs' to avoid re-running this script phase.\necho \"SUCCESS\" > \"${SCRIPT_OUTPUT_FILE_0}\"\n";
			showEnvVarsInLog = 0;
		};
		D9726E4D6F2877D31AF4752B /* [CP] Embed Pods Frameworks */ = {
			isa = PBXShellScriptBuildPhase;
			buildActionMask = 2147483647;
			files = (
			);
			inputFileListPaths = (
				"${PODS_ROOT}/Target Support Files/Pods-Freedom-FreedomUITests/Pods-Freedom-FreedomUITests-frameworks-${CONFIGURATION}-input-files.xcfilelist",
			);
			name = "[CP] Embed Pods Frameworks";
			outputFileListPaths = (
				"${PODS_ROOT}/Target Support Files/Pods-Freedom-FreedomUITests/Pods-Freedom-FreedomUITests-frameworks-${CONFIGURATION}-output-files.xcfilelist",
			);
			runOnlyForDeploymentPostprocessing = 0;
			shellPath = /bin/sh;
			shellScript = "\"${PODS_ROOT}/Target Support Files/Pods-Freedom-FreedomUITests/Pods-Freedom-FreedomUITests-frameworks.sh\"\n";
			showEnvVarsInLog = 0;
		};
/* End PBXShellScriptBuildPhase section */

/* Begin PBXSourcesBuildPhase section */
		646386AD25B6C59400692B90 /* Sources */ = {
			isa = PBXSourcesBuildPhase;
			buildActionMask = 2147483647;
			files = (
				6468780E25B83E7D00C3DF73 /* FDSpeedTopView.m in Sources */,
				6463875725B6D8C500692B90 /* FDMusicViewController.m in Sources */,
				6463875D25B6D8CF00692B90 /* FDSpeedViewController.m in Sources */,
				6463873F25B6D7F900692B90 /* FDBaseViewController.m in Sources */,
				6463878425B6EE5900692B90 /* LCProgressHUD.m in Sources */,
				646386B625B6C59400692B90 /* AppDelegate.m in Sources */,
				6468782625B845C400C3DF73 /* NSObject+RadiuView.m in Sources */,
				6463873725B6D7B400692B90 /* ExtraViewController.m in Sources */,
				646386C725B6C59600692B90 /* main.m in Sources */,
				6463874825B6D8A600692B90 /* FDPaletteViewController.m in Sources */,
				6468781B25B8404C00C3DF73 /* UITableView+SJRegisterCellClass.m in Sources */,
				6463878A25B6EF0F00692B90 /* FDBaseNavController.m in Sources */,
				6463873825B6D7B400692B90 /* CTabbarController.m in Sources */,
				6463873525B6D7B400692B90 /* UIButton+Style.m in Sources */,
				6463878325B6EE5900692B90 /* MBProgressHUD.m in Sources */,
				6479570925BBD02600E6DED4 /* FDSpeedShowView.m in Sources */,
				6468781C25B8404C00C3DF73 /* UIImage+Extension.m in Sources */,
				6468781D25B8404C00C3DF73 /* UILabel+ChangeLineSpaceAndWordSpace.m in Sources */,
				6463873625B6D7B400692B90 /* CTabBar.m in Sources */,
				6463877C25B6EE5900692B90 /* Reachability.m in Sources */,
				6463875125B6D8B600692B90 /* FDThemeViewController.m in Sources */,
				6468781A25B8404C00C3DF73 /* UIView+SJFrame.m in Sources */,
			);
			runOnlyForDeploymentPostprocessing = 0;
		};
		646386C825B6C59600692B90 /* Sources */ = {
			isa = PBXSourcesBuildPhase;
			buildActionMask = 2147483647;
			files = (
				646386D125B6C59600692B90 /* FreedomTests.m in Sources */,
			);
			runOnlyForDeploymentPostprocessing = 0;
		};
		646386D325B6C59600692B90 /* Sources */ = {
			isa = PBXSourcesBuildPhase;
			buildActionMask = 2147483647;
			files = (
				646386DC25B6C59600692B90 /* FreedomUITests.m in Sources */,
			);
			runOnlyForDeploymentPostprocessing = 0;
		};
/* End PBXSourcesBuildPhase section */

/* Begin PBXTargetDependency section */
		646386CE25B6C59600692B90 /* PBXTargetDependency */ = {
			isa = PBXTargetDependency;
			target = 646386B025B6C59400692B90 /* Freedom */;
			targetProxy = 646386CD25B6C59600692B90 /* PBXContainerItemProxy */;
		};
		646386D925B6C59600692B90 /* PBXTargetDependency */ = {
			isa = PBXTargetDependency;
			target = 646386B025B6C59400692B90 /* Freedom */;
			targetProxy = 646386D825B6C59600692B90 /* PBXContainerItemProxy */;
		};
/* End PBXTargetDependency section */

/* Begin XCBuildConfiguration section */
		646386DE25B6C59600692B90 /* Debug */ = {
			isa = XCBuildConfiguration;
			buildSettings = {
				ALWAYS_SEARCH_USER_PATHS = NO;
				CLANG_ANALYZER_NONNULL = YES;
				CLANG_ANALYZER_NUMBER_OBJECT_CONVERSION = YES_AGGRESSIVE;
				CLANG_CXX_LANGUAGE_STANDARD = "gnu++14";
				CLANG_CXX_LIBRARY = "libc++";
				CLANG_ENABLE_MODULES = YES;
				CLANG_ENABLE_OBJC_ARC = YES;
				CLANG_ENABLE_OBJC_WEAK = YES;
				CLANG_WARN_BLOCK_CAPTURE_AUTORELEASING = YES;
				CLANG_WARN_BOOL_CONVERSION = YES;
				CLANG_WARN_COMMA = YES;
				CLANG_WARN_CONSTANT_CONVERSION = YES;
				CLANG_WARN_DEPRECATED_OBJC_IMPLEMENTATIONS = YES;
				CLANG_WARN_DIRECT_OBJC_ISA_USAGE = YES_ERROR;
				CLANG_WARN_DOCUMENTATION_COMMENTS = YES;
				CLANG_WARN_EMPTY_BODY = YES;
				CLANG_WARN_ENUM_CONVERSION = YES;
				CLANG_WARN_INFINITE_RECURSION = YES;
				CLANG_WARN_INT_CONVERSION = YES;
				CLANG_WARN_NON_LITERAL_NULL_CONVERSION = YES;
				CLANG_WARN_OBJC_IMPLICIT_RETAIN_SELF = YES;
				CLANG_WARN_OBJC_LITERAL_CONVERSION = YES;
				CLANG_WARN_OBJC_ROOT_CLASS = YES_ERROR;
				CLANG_WARN_QUOTED_INCLUDE_IN_FRAMEWORK_HEADER = YES;
				CLANG_WARN_RANGE_LOOP_ANALYSIS = YES;
				CLANG_WARN_STRICT_PROTOTYPES = YES;
				CLANG_WARN_SUSPICIOUS_MOVE = YES;
				CLANG_WARN_UNGUARDED_AVAILABILITY = YES_AGGRESSIVE;
				CLANG_WARN_UNREACHABLE_CODE = YES;
				CLANG_WARN__DUPLICATE_METHOD_MATCH = YES;
				COPY_PHASE_STRIP = NO;
				DEBUG_INFORMATION_FORMAT = dwarf;
				ENABLE_STRICT_OBJC_MSGSEND = YES;
				ENABLE_TESTABILITY = YES;
				GCC_C_LANGUAGE_STANDARD = gnu11;
				GCC_DYNAMIC_NO_PIC = NO;
				GCC_NO_COMMON_BLOCKS = YES;
				GCC_OPTIMIZATION_LEVEL = 0;
				GCC_PREPROCESSOR_DEFINITIONS = (
					"DEBUG=1",
					"$(inherited)",
				);
				GCC_WARN_64_TO_32_BIT_CONVERSION = YES;
				GCC_WARN_ABOUT_RETURN_TYPE = YES_ERROR;
				GCC_WARN_UNDECLARED_SELECTOR = YES;
				GCC_WARN_UNINITIALIZED_AUTOS = YES_AGGRESSIVE;
				GCC_WARN_UNUSED_FUNCTION = YES;
				GCC_WARN_UNUSED_VARIABLE = YES;
				IPHONEOS_DEPLOYMENT_TARGET = 14.2;
				MTL_ENABLE_DEBUG_INFO = INCLUDE_SOURCE;
				MTL_FAST_MATH = YES;
				ONLY_ACTIVE_ARCH = YES;
				SDKROOT = iphoneos;
			};
			name = Debug;
		};
		646386DF25B6C59600692B90 /* Release */ = {
			isa = XCBuildConfiguration;
			buildSettings = {
				ALWAYS_SEARCH_USER_PATHS = NO;
				CLANG_ANALYZER_NONNULL = YES;
				CLANG_ANALYZER_NUMBER_OBJECT_CONVERSION = YES_AGGRESSIVE;
				CLANG_CXX_LANGUAGE_STANDARD = "gnu++14";
				CLANG_CXX_LIBRARY = "libc++";
				CLANG_ENABLE_MODULES = YES;
				CLANG_ENABLE_OBJC_ARC = YES;
				CLANG_ENABLE_OBJC_WEAK = YES;
				CLANG_WARN_BLOCK_CAPTURE_AUTORELEASING = YES;
				CLANG_WARN_BOOL_CONVERSION = YES;
				CLANG_WARN_COMMA = YES;
				CLANG_WARN_CONSTANT_CONVERSION = YES;
				CLANG_WARN_DEPRECATED_OBJC_IMPLEMENTATIONS = YES;
				CLANG_WARN_DIRECT_OBJC_ISA_USAGE = YES_ERROR;
				CLANG_WARN_DOCUMENTATION_COMMENTS = YES;
				CLANG_WARN_EMPTY_BODY = YES;
				CLANG_WARN_ENUM_CONVERSION = YES;
				CLANG_WARN_INFINITE_RECURSION = YES;
				CLANG_WARN_INT_CONVERSION = YES;
				CLANG_WARN_NON_LITERAL_NULL_CONVERSION = YES;
				CLANG_WARN_OBJC_IMPLICIT_RETAIN_SELF = YES;
				CLANG_WARN_OBJC_LITERAL_CONVERSION = YES;
				CLANG_WARN_OBJC_ROOT_CLASS = YES_ERROR;
				CLANG_WARN_QUOTED_INCLUDE_IN_FRAMEWORK_HEADER = YES;
				CLANG_WARN_RANGE_LOOP_ANALYSIS = YES;
				CLANG_WARN_STRICT_PROTOTYPES = YES;
				CLANG_WARN_SUSPICIOUS_MOVE = YES;
				CLANG_WARN_UNGUARDED_AVAILABILITY = YES_AGGRESSIVE;
				CLANG_WARN_UNREACHABLE_CODE = YES;
				CLANG_WARN__DUPLICATE_METHOD_MATCH = YES;
				COPY_PHASE_STRIP = NO;
				DEBUG_INFORMATION_FORMAT = "dwarf-with-dsym";
				ENABLE_NS_ASSERTIONS = NO;
				ENABLE_STRICT_OBJC_MSGSEND = YES;
				GCC_C_LANGUAGE_STANDARD = gnu11;
				GCC_NO_COMMON_BLOCKS = YES;
				GCC_WARN_64_TO_32_BIT_CONVERSION = YES;
				GCC_WARN_ABOUT_RETURN_TYPE = YES_ERROR;
				GCC_WARN_UNDECLARED_SELECTOR = YES;
				GCC_WARN_UNINITIALIZED_AUTOS = YES_AGGRESSIVE;
				GCC_WARN_UNUSED_FUNCTION = YES;
				GCC_WARN_UNUSED_VARIABLE = YES;
				IPHONEOS_DEPLOYMENT_TARGET = 14.2;
				MTL_ENABLE_DEBUG_INFO = NO;
				MTL_FAST_MATH = YES;
				SDKROOT = iphoneos;
				VALIDATE_PRODUCT = YES;
			};
			name = Release;
		};
		646386E125B6C59600692B90 /* Debug */ = {
			isa = XCBuildConfiguration;
			baseConfigurationReference = 8C283AC7E71F773B1A03E165 /* Pods-Freedom.debug.xcconfig */;
			buildSettings = {
				ASSETCATALOG_COMPILER_APPICON_NAME = AppIcon;
				ASSETCATALOG_COMPILER_GLOBAL_ACCENT_COLOR_NAME = AccentColor;
				ASSETCATALOG_COMPILER_LAUNCHIMAGE_NAME = LaunchImage;
				CODE_SIGN_STYLE = Automatic;
				DEVELOPMENT_TEAM = 9Y5359UH55;
				GCC_PREFIX_HEADER = "$(SRCROOT)/Freedom/Supporting Files/PrefixHeader.pch";
				INFOPLIST_FILE = "$(SRCROOT)/Freedom/Supporting Files/Info.plist";
				IPHONEOS_DEPLOYMENT_TARGET = 9.0;
				LD_RUNPATH_SEARCH_PATHS = (
					"$(inherited)",
					"@executable_path/Frameworks",
				);
				PRODUCT_BUNDLE_IDENTIFIER = com.Freedom.ble;
				PRODUCT_NAME = "$(TARGET_NAME)";
				TARGETED_DEVICE_FAMILY = "1,2";
			};
			name = Debug;
		};
		646386E225B6C59600692B90 /* Release */ = {
			isa = XCBuildConfiguration;
			baseConfigurationReference = A8AB0733B46BE29643D2080D /* Pods-Freedom.release.xcconfig */;
			buildSettings = {
				ASSETCATALOG_COMPILER_APPICON_NAME = AppIcon;
				ASSETCATALOG_COMPILER_GLOBAL_ACCENT_COLOR_NAME = AccentColor;
				ASSETCATALOG_COMPILER_LAUNCHIMAGE_NAME = LaunchImage;
				CODE_SIGN_STYLE = Automatic;
				DEVELOPMENT_TEAM = 9Y5359UH55;
				GCC_PREFIX_HEADER = "$(SRCROOT)/Freedom/Supporting Files/PrefixHeader.pch";
				INFOPLIST_FILE = "$(SRCROOT)/Freedom/Supporting Files/Info.plist";
				IPHONEOS_DEPLOYMENT_TARGET = 9.0;
				LD_RUNPATH_SEARCH_PATHS = (
					"$(inherited)",
					"@executable_path/Frameworks",
				);
				PRODUCT_BUNDLE_IDENTIFIER = com.Freedom.ble;
				PRODUCT_NAME = "$(TARGET_NAME)";
				TARGETED_DEVICE_FAMILY = "1,2";
			};
			name = Release;
		};
		646386E425B6C59600692B90 /* Debug */ = {
			isa = XCBuildConfiguration;
			baseConfigurationReference = 3F07007AC6C6F923B4C5C528 /* Pods-FreedomTests.debug.xcconfig */;
			buildSettings = {
				BUNDLE_LOADER = "$(TEST_HOST)";
				CODE_SIGN_STYLE = Automatic;
				DEVELOPMENT_TEAM = 9Y5359UH55;
				INFOPLIST_FILE = FreedomTests/Info.plist;
				IPHONEOS_DEPLOYMENT_TARGET = 14.2;
				LD_RUNPATH_SEARCH_PATHS = (
					"$(inherited)",
					"@executable_path/Frameworks",
					"@loader_path/Frameworks",
				);
				PRODUCT_BUNDLE_IDENTIFIER = com.Freedom.ble.FreedomTests;
				PRODUCT_NAME = "$(TARGET_NAME)";
				TARGETED_DEVICE_FAMILY = "1,2";
				TEST_HOST = "$(BUILT_PRODUCTS_DIR)/Freedom.app/Freedom";
			};
			name = Debug;
		};
		646386E525B6C59600692B90 /* Release */ = {
			isa = XCBuildConfiguration;
			baseConfigurationReference = DCA8D2C0C3E9165AD07B32E5 /* Pods-FreedomTests.release.xcconfig */;
			buildSettings = {
				BUNDLE_LOADER = "$(TEST_HOST)";
				CODE_SIGN_STYLE = Automatic;
				DEVELOPMENT_TEAM = 9Y5359UH55;
				INFOPLIST_FILE = FreedomTests/Info.plist;
				IPHONEOS_DEPLOYMENT_TARGET = 14.2;
				LD_RUNPATH_SEARCH_PATHS = (
					"$(inherited)",
					"@executable_path/Frameworks",
					"@loader_path/Frameworks",
				);
				PRODUCT_BUNDLE_IDENTIFIER = com.Freedom.ble.FreedomTests;
				PRODUCT_NAME = "$(TARGET_NAME)";
				TARGETED_DEVICE_FAMILY = "1,2";
				TEST_HOST = "$(BUILT_PRODUCTS_DIR)/Freedom.app/Freedom";
			};
			name = Release;
		};
		646386E725B6C59600692B90 /* Debug */ = {
			isa = XCBuildConfiguration;
			baseConfigurationReference = 82CE148FB011913BDE510AF0 /* Pods-Freedom-FreedomUITests.debug.xcconfig */;
			buildSettings = {
				CODE_SIGN_STYLE = Automatic;
				DEVELOPMENT_TEAM = 9Y5359UH55;
				INFOPLIST_FILE = FreedomUITests/Info.plist;
				LD_RUNPATH_SEARCH_PATHS = (
					"$(inherited)",
					"@executable_path/Frameworks",
					"@loader_path/Frameworks",
				);
				PRODUCT_BUNDLE_IDENTIFIER = com.Freedom.ble.FreedomUITests;
				PRODUCT_NAME = "$(TARGET_NAME)";
				TARGETED_DEVICE_FAMILY = "1,2";
				TEST_TARGET_NAME = Freedom;
			};
			name = Debug;
		};
		646386E825B6C59600692B90 /* Release */ = {
			isa = XCBuildConfiguration;
			baseConfigurationReference = 9D95C712C58DEF2E9829ED73 /* Pods-Freedom-FreedomUITests.release.xcconfig */;
			buildSettings = {
				CODE_SIGN_STYLE = Automatic;
				DEVELOPMENT_TEAM = 9Y5359UH55;
				INFOPLIST_FILE = FreedomUITests/Info.plist;
				LD_RUNPATH_SEARCH_PATHS = (
					"$(inherited)",
					"@executable_path/Frameworks",
					"@loader_path/Frameworks",
				);
				PRODUCT_BUNDLE_IDENTIFIER = com.Freedom.ble.FreedomUITests;
				PRODUCT_NAME = "$(TARGET_NAME)";
				TARGETED_DEVICE_FAMILY = "1,2";
				TEST_TARGET_NAME = Freedom;
			};
			name = Release;
		};
/* End XCBuildConfiguration section */

/* Begin XCConfigurationList section */
		646386AC25B6C59400692B90 /* Build configuration list for PBXProject "Freedom" */ = {
			isa = XCConfigurationList;
			buildConfigurations = (
				646386DE25B6C59600692B90 /* Debug */,
				646386DF25B6C59600692B90 /* Release */,
			);
			defaultConfigurationIsVisible = 0;
			defaultConfigurationName = Release;
		};
		646386E025B6C59600692B90 /* Build configuration list for PBXNativeTarget "Freedom" */ = {
			isa = XCConfigurationList;
			buildConfigurations = (
				646386E125B6C59600692B90 /* Debug */,
				646386E225B6C59600692B90 /* Release */,
			);
			defaultConfigurationIsVisible = 0;
			defaultConfigurationName = Release;
		};
		646386E325B6C59600692B90 /* Build configuration list for PBXNativeTarget "FreedomTests" */ = {
			isa = XCConfigurationList;
			buildConfigurations = (
				646386E425B6C59600692B90 /* Debug */,
				646386E525B6C59600692B90 /* Release */,
			);
			defaultConfigurationIsVisible = 0;
			defaultConfigurationName = Release;
		};
		646386E625B6C59600692B90 /* Build configuration list for PBXNativeTarget "FreedomUITests" */ = {
			isa = XCConfigurationList;
			buildConfigurations = (
				646386E725B6C59600692B90 /* Debug */,
				646386E825B6C59600692B90 /* Release */,
			);
			defaultConfigurationIsVisible = 0;
			defaultConfigurationName = Release;
		};
/* End XCConfigurationList section */
	};
	rootObject = 646386A925B6C59400692B90 /* Project object */;
}
